
Microsoft Visual Studio Solution File, Format Version 12.00
# Visual Studio Version 17
VisualStudioVersion = 17.3.32804.467
MinimumVisualStudioVersion = 10.0.40219.1
Project("{FAE04EC0-301F-11D3-BF4B-00C04F79EFBC}") = "MyToolBox", "MyToolBox.csproj", "{9D78315E-CA76-4399-8F81-A60FF8715299}"
EndProject
Global
	GlobalSection(SolutionConfigurationPlatforms) = preSolution
		Debug|Any CPU = Debug|Any CPU
		Release|Any CPU = Release|Any CPU
	EndGlobalSection
	GlobalSection(ProjectConfigurationPlatforms) = postSolution
		{9D78315E-CA76-4399-8F81-A60FF8715299}.Debug|Any CPU.ActiveCfg = Debug|Any CPU
		{9D78315E-CA76-4399-8F81-A60FF8715299}.Debug|Any CPU.Build.0 = Debug|Any CPU
		{9D78315E-CA76-4399-8F81-A60FF8715299}.Release|Any CPU.ActiveCfg = Release|Any CPU
		{9D78315E-CA76-4399-8F81-A60FF8715299}.Release|Any CPU.Build.0 = Release|Any CPU
	EndGlobalSection
	GlobalSection(SolutionProperties) = preSolution
		HideSolutionNode = FALSE
	EndGlobalSection
	GlobalSection(ExtensibilityGlobals) = postSolution
		SolutionGuid = {22988E5C-20CF-47E5-8361-66A5C433AE11}
	EndGlobalSection
EndGlobal
